{
  "name": "seb40_main_031",
  "lockfileVersion": 2,
  "requires": true,

  "packages": {
    "": {
      "dependencies": {
        "polished": "^4.2.2"
      }
    },
    "node_modules/@babel/runtime": {
      "version": "7.20.1",
      "resolved": "https://registry.npmjs.org/@babel/runtime/-/runtime-7.20.1.tgz",
      "integrity": "sha512-mrzLkl6U9YLF8qpqI7TB82PESyEGjm/0Ly91jG575eVxMMlb8fYfOXFZIJ8XfLrJZQbm7dlKry2bJmXBUEkdFg==",
      "dependencies": {
        "regenerator-runtime": "^0.13.10"
      },
      "engines": {
        "node": ">=6.9.0"
      }
    },
    "node_modules/polished": {
      "version": "4.2.2",
      "resolved": "https://registry.npmjs.org/polished/-/polished-4.2.2.tgz",
      "integrity": "sha512-Sz2Lkdxz6F2Pgnpi9U5Ng/WdWAUZxmHrNPoVlm3aAemxoy2Qy7LGjQg4uf8qKelDAUW94F4np3iH2YPf2qefcQ==",
      "dependencies": {
        "@babel/runtime": "^7.17.8"
      },
      "engines": {
        "node": ">=10"
      }
    },
    "node_modules/regenerator-runtime": {
      "version": "0.13.10",
      "resolved": "https://registry.npmjs.org/regenerator-runtime/-/regenerator-runtime-0.13.10.tgz",
      "integrity": "sha512-KepLsg4dU12hryUO7bp/axHAKvwGOCV0sGloQtpagJ12ai+ojVDqkeGSiRX1zlq+kjIMZ1t7gpze+26QqtdGqw=="
    }
  },
  "dependencies": {
    "@babel/runtime": {
      "version": "7.20.1",
      "resolved": "https://registry.npmjs.org/@babel/runtime/-/runtime-7.20.1.tgz",
      "integrity": "sha512-mrzLkl6U9YLF8qpqI7TB82PESyEGjm/0Ly91jG575eVxMMlb8fYfOXFZIJ8XfLrJZQbm7dlKry2bJmXBUEkdFg==",
      "requires": {
        "regenerator-runtime": "^0.13.10"
      }
    },
    "polished": {
      "version": "4.2.2",
      "resolved": "https://registry.npmjs.org/polished/-/polished-4.2.2.tgz",
      "integrity": "sha512-Sz2Lkdxz6F2Pgnpi9U5Ng/WdWAUZxmHrNPoVlm3aAemxoy2Qy7LGjQg4uf8qKelDAUW94F4np3iH2YPf2qefcQ==",
      "requires": {
        "@babel/runtime": "^7.17.8"
      }
    },
    "regenerator-runtime": {
      "version": "0.13.10",
      "resolved": "https://registry.npmjs.org/regenerator-runtime/-/regenerator-runtime-0.13.10.tgz",
      "integrity": "sha512-KepLsg4dU12hryUO7bp/axHAKvwGOCV0sGloQtpagJ12ai+ojVDqkeGSiRX1zlq+kjIMZ1t7gpze+26QqtdGqw=="
    }
  }
}
